
Microsoft Visual Studio Solution File, Format Version 12.00
# Visual Studio Version 17
VisualStudioVersion = 17.3.32901.215
MinimumVisualStudioVersion = 10.0.40219.1
Project("{FAE04EC0-301F-11D3-BF4B-00C04F79EFBC}") = "EventuresApp", "EventuresApp\EventuresApp.csproj", "{92D583A6-2397-4632-8ADF-0BF406BF2CE7}"
EndProject
Global
	GlobalSection(SolutionConfigurationPlatforms) = preSolution
		Debug|Any CPU = Debug|Any CPU
		Release|Any CPU = Release|Any CPU
	EndGlobalSection
	GlobalSection(ProjectConfigurationPlatforms) = postSolution
		{92D583A6-2397-4632-8ADF-0BF406BF2CE7}.Debug|Any CPU.ActiveCfg = Debug|Any CPU
		{92D583A6-2397-4632-8ADF-0BF406BF2CE7}.Debug|Any CPU.Build.0 = Debug|Any CPU
		{92D583A6-2397-4632-8ADF-0BF406BF2CE7}.Release|Any CPU.ActiveCfg = Release|Any CPU
		{92D583A6-2397-4632-8ADF-0BF406BF2CE7}.Release|Any CPU.Build.0 = Release|Any CPU
	EndGlobalSection
	GlobalSection(SolutionProperties) = preSolution
		HideSolutionNode = FALSE
	EndGlobalSection
	GlobalSection(ExtensibilityGlobals) = postSolution
		SolutionGuid = {085B3D32-D7F9-477D-B567-FB4273FF5B18}
	EndGlobalSection
EndGlobal
